
Microsoft Visual Studio Solution File, Format Version 12.00
# Visual Studio Version 17
VisualStudioVersion = 17.2.32317.152
MinimumVisualStudioVersion = 10.0.40219.1
Project("{9A19103F-16F7-4668-BE54-9A1E7A4F7556}") = "AzureProvisioning", "AzureProvisioning.csproj", "{D5E2A464-7337-4B1F-B158-FE9CB150F6B7}"
EndProject
Global
	GlobalSection(SolutionConfigurationPlatforms) = preSolution
		Debug|Any CPU = Debug|Any CPU
		Release|Any CPU = Release|Any CPU
	EndGlobalSection
	GlobalSection(ProjectConfigurationPlatforms) = postSolution
		{D5E2A464-7337-4B1F-B158-FE9CB150F6B7}.Debug|Any CPU.ActiveCfg = Debug|Any CPU
		{D5E2A464-7337-4B1F-B158-FE9CB150F6B7}.Debug|Any CPU.Build.0 = Debug|Any CPU
		{D5E2A464-7337-4B1F-B158-FE9CB150F6B7}.Release|Any CPU.ActiveCfg = Release|Any CPU
		{D5E2A464-7337-4B1F-B158-FE9CB150F6B7}.Release|Any CPU.Build.0 = Release|Any CPU
	EndGlobalSection
	GlobalSection(SolutionProperties) = preSolution
		HideSolutionNode = FALSE
	EndGlobalSection
	GlobalSection(ExtensibilityGlobals) = postSolution
		SolutionGuid = {5DD48A36-BD7A-439B-BEB6-478ECCD4B3E4}
	EndGlobalSection
EndGlobal
